{
  "name": "@johnhenry/respondable",
  "version": "0.0.0",
  "lockfileVersion": 3,
  "requires": true,
  "packages": {
    "": {
      "name": "@johnhenry/respondable",
      "version": "0.0.0",
      "license": "MIT",
      "dependencies": {
        "parsel-js": "^1.2.3"
      },
      "engines": {
        "node": ">=26.0.0"
      }
    },
    "node_modules/parsel-js": {
      "version": "1.2.3",
      "resolved": "https://registry.npmjs.org/parsel-js/-/parsel-js-1.2.3.tgz",
      "integrity": "sha512-kJHFmSNnujpusFfVEXjNaoJ09VYHF8Ih0aVUn7Clu+Ug8AFoA2wx7Ezh17JfW4+vhm/lauAd9A+//uFkmydZtQ==",
      "funding": [
        {
          "type": "individual",
          "url": "https://github.com/sponsors/LeaVerou"
        },
        {
          "type": "opencollective",
          "url": "https://opencollective.com/leaverou"
        }
      ],
      "license": "MIT"
    }
  }
}
